
Microsoft Visual Studio Solution File, Format Version 12.00
# Visual Studio 15
VisualStudioVersion = 15.0.27703.2042
MinimumVisualStudioVersion = 10.0.40219.1
Project("{FAE04EC0-301F-11D3-BF4B-00C04F79EFBC}") = "task01.7", "task01.7\task01.7.csproj", "{3145DC28-23E6-4E2D-A91E-06C4B1AE311F}"
EndProject
Global
	GlobalSection(SolutionConfigurationPlatforms) = preSolution
		Debug|Any CPU = Debug|Any CPU
		Release|Any CPU = Release|Any CPU
	EndGlobalSection
	GlobalSection(ProjectConfigurationPlatforms) = postSolution
		{3145DC28-23E6-4E2D-A91E-06C4B1AE311F}.Debug|Any CPU.ActiveCfg = Debug|Any CPU
		{3145DC28-23E6-4E2D-A91E-06C4B1AE311F}.Debug|Any CPU.Build.0 = Debug|Any CPU
		{3145DC28-23E6-4E2D-A91E-06C4B1AE311F}.Release|Any CPU.ActiveCfg = Release|Any CPU
		{3145DC28-23E6-4E2D-A91E-06C4B1AE311F}.Release|Any CPU.Build.0 = Release|Any CPU
	EndGlobalSection
	GlobalSection(SolutionProperties) = preSolution
		HideSolutionNode = FALSE
	EndGlobalSection
	GlobalSection(ExtensibilityGlobals) = postSolution
		SolutionGuid = {66C2A2DA-25CF-40F3-9D40-29C2DFE44C6D}
	EndGlobalSection
EndGlobal
