
Microsoft Visual Studio Solution File, Format Version 12.00
# Visual Studio 15
VisualStudioVersion = 15.0.27703.2042
MinimumVisualStudioVersion = 10.0.40219.1
Project("{FAE04EC0-301F-11D3-BF4B-00C04F79EFBC}") = "task01.4", "task01.4\task01.4.csproj", "{A9412344-F04F-4B0E-A0CD-3E4F963FA0B6}"
EndProject
Global
	GlobalSection(SolutionConfigurationPlatforms) = preSolution
		Debug|Any CPU = Debug|Any CPU
		Release|Any CPU = Release|Any CPU
	EndGlobalSection
	GlobalSection(ProjectConfigurationPlatforms) = postSolution
		{A9412344-F04F-4B0E-A0CD-3E4F963FA0B6}.Debug|Any CPU.ActiveCfg = Debug|Any CPU
		{A9412344-F04F-4B0E-A0CD-3E4F963FA0B6}.Debug|Any CPU.Build.0 = Debug|Any CPU
		{A9412344-F04F-4B0E-A0CD-3E4F963FA0B6}.Release|Any CPU.ActiveCfg = Release|Any CPU
		{A9412344-F04F-4B0E-A0CD-3E4F963FA0B6}.Release|Any CPU.Build.0 = Release|Any CPU
	EndGlobalSection
	GlobalSection(SolutionProperties) = preSolution
		HideSolutionNode = FALSE
	EndGlobalSection
	GlobalSection(ExtensibilityGlobals) = postSolution
		SolutionGuid = {DA619EEA-F298-408F-99E8-6394AC369D74}
	EndGlobalSection
EndGlobal
