
Microsoft Visual Studio Solution File, Format Version 12.00
# Visual Studio 15
VisualStudioVersion = 15.0.28010.2046
MinimumVisualStudioVersion = 10.0.40219.1
Project("{FAE04EC0-301F-11D3-BF4B-00C04F79EFBC}") = "task01.8", "task01.8\task01.8.csproj", "{8F9D2878-4613-48A5-8805-470916E6DC0B}"
EndProject
Global
	GlobalSection(SolutionConfigurationPlatforms) = preSolution
		Debug|Any CPU = Debug|Any CPU
		Release|Any CPU = Release|Any CPU
	EndGlobalSection
	GlobalSection(ProjectConfigurationPlatforms) = postSolution
		{8F9D2878-4613-48A5-8805-470916E6DC0B}.Debug|Any CPU.ActiveCfg = Debug|Any CPU
		{8F9D2878-4613-48A5-8805-470916E6DC0B}.Debug|Any CPU.Build.0 = Debug|Any CPU
		{8F9D2878-4613-48A5-8805-470916E6DC0B}.Release|Any CPU.ActiveCfg = Release|Any CPU
		{8F9D2878-4613-48A5-8805-470916E6DC0B}.Release|Any CPU.Build.0 = Release|Any CPU
	EndGlobalSection
	GlobalSection(SolutionProperties) = preSolution
		HideSolutionNode = FALSE
	EndGlobalSection
	GlobalSection(ExtensibilityGlobals) = postSolution
		SolutionGuid = {CAE7AD50-0E66-45DE-95E2-F24686070782}
	EndGlobalSection
EndGlobal
